// !$*UTF8*$!
{
	archiveVersion = 1;
	classes = {
	};
	objectVersion = 46;
	objects = {

/* Begin PBXBuildFile section */
		1784EC20157E345F00287D8E /* GoogleAnalyticsPlugin.m in Sources */ = {isa = PBXBuildFile; fileRef = 1784EC1A157E345F00287D8E /* GoogleAnalyticsPlugin.m */; };
		1784EC21157E345F00287D8E /* libGoogleAnalytics.a in Frameworks */ = {isa = PBXBuildFile; fileRef = 1784EC1D157E345F00287D8E /* libGoogleAnalytics.a */; settings = {ATTRIBUTES = (Required, ); }; };
		1784EC22157E345F00287D8E /* README.md in Resources */ = {isa = PBXBuildFile; fileRef = 1784EC1E157E345F00287D8E /* README.md */; };
		17A12458157E1F07008D76E8 /* CFNetwork.framework in Frameworks */ = {isa = PBXBuildFile; fileRef = 17A12457157E1F07008D76E8 /* CFNetwork.framework */; };
		17A1245A157E1F4D008D76E8 /* libsqlite3.0.dylib in Frameworks */ = {isa = PBXBuildFile; fileRef = 17A12459157E1F4D008D76E8 /* libsqlite3.0.dylib */; };
		B5107F8F152DA39D00BA56F8 /* www in Resources */ = {isa = PBXBuildFile; fileRef = B5107F8E152DA39D00BA56F8 /* www */; };
		B5F0D5541525D3DB001774E4 /* Foundation.framework in Frameworks */ = {isa = PBXBuildFile; fileRef = B5F0D5531525D3DB001774E4 /* Foundation.framework */; };
		B5F0D5561525D3DB001774E4 /* UIKit.framework in Frameworks */ = {isa = PBXBuildFile; fileRef = B5F0D5551525D3DB001774E4 /* UIKit.framework */; settings = {ATTRIBUTES = (Weak, ); }; };
		B5F0D5581525D3DB001774E4 /* CoreGraphics.framework in Frameworks */ = {isa = PBXBuildFile; fileRef = B5F0D5571525D3DB001774E4 /* CoreGraphics.framework */; };
		B5F0D55A1525D3DB001774E4 /* AddressBook.framework in Frameworks */ = {isa = PBXBuildFile; fileRef = B5F0D5591525D3DB001774E4 /* AddressBook.framework */; };
		B5F0D55C1525D3DB001774E4 /* AddressBookUI.framework in Frameworks */ = {isa = PBXBuildFile; fileRef = B5F0D55B1525D3DB001774E4 /* AddressBookUI.framework */; };
		B5F0D55E1525D3DB001774E4 /* AudioToolbox.framework in Frameworks */ = {isa = PBXBuildFile; fileRef = B5F0D55D1525D3DB001774E4 /* AudioToolbox.framework */; };
		B5F0D5601525D3DB001774E4 /* AVFoundation.framework in Frameworks */ = {isa = PBXBuildFile; fileRef = B5F0D55F1525D3DB001774E4 /* AVFoundation.framework */; settings = {ATTRIBUTES = (Weak, ); }; };
		B5F0D5621525D3DB001774E4 /* CoreLocation.framework in Frameworks */ = {isa = PBXBuildFile; fileRef = B5F0D5611525D3DB001774E4 /* CoreLocation.framework */; };
		B5F0D5641525D3DB001774E4 /* MediaPlayer.framework in Frameworks */ = {isa = PBXBuildFile; fileRef = B5F0D5631525D3DB001774E4 /* MediaPlayer.framework */; };
		B5F0D5661525D3DB001774E4 /* QuartzCore.framework in Frameworks */ = {isa = PBXBuildFile; fileRef = B5F0D5651525D3DB001774E4 /* QuartzCore.framework */; };
		B5F0D5681525D3DB001774E4 /* SystemConfiguration.framework in Frameworks */ = {isa = PBXBuildFile; fileRef = B5F0D5671525D3DB001774E4 /* SystemConfiguration.framework */; };
		B5F0D56A1525D3DB001774E4 /* MobileCoreServices.framework in Frameworks */ = {isa = PBXBuildFile; fileRef = B5F0D5691525D3DB001774E4 /* MobileCoreServices.framework */; };
		B5F0D56C1525D3DB001774E4 /* CoreMedia.framework in Frameworks */ = {isa = PBXBuildFile; fileRef = B5F0D56B1525D3DB001774E4 /* CoreMedia.framework */; settings = {ATTRIBUTES = (Weak, ); }; };
		B5F0D5741525D3DC001774E4 /* main.m in Sources */ = {isa = PBXBuildFile; fileRef = B5F0D5731525D3DC001774E4 /* main.m */; };
		B5F0D58B1525D3DC001774E4 /* icon.png in Resources */ = {isa = PBXBuildFile; fileRef = B5F0D58A1525D3DC001774E4 /* icon.png */; };
		B5F0D58D1525D3DC001774E4 /* icon@2x.png in Resources */ = {isa = PBXBuildFile; fileRef = B5F0D58C1525D3DC001774E4 /* icon@2x.png */; };
		B5F0D58F1525D3DC001774E4 /* icon-72.png in Resources */ = {isa = PBXBuildFile; fileRef = B5F0D58E1525D3DC001774E4 /* icon-72.png */; };
		B5F0D5921525D3DC001774E4 /* Default.png in Resources */ = {isa = PBXBuildFile; fileRef = B5F0D5911525D3DC001774E4 /* Default.png */; };
		B5F0D5941525D3DC001774E4 /* Default@2x.png in Resources */ = {isa = PBXBuildFile; fileRef = B5F0D5931525D3DC001774E4 /* Default@2x.png */; };
		B5F0D5961525D3DC001774E4 /* Capture.bundle in Resources */ = {isa = PBXBuildFile; fileRef = B5F0D5951525D3DC001774E4 /* Capture.bundle */; };
		B5F0D5981525D3DC001774E4 /* Cordova.plist in Resources */ = {isa = PBXBuildFile; fileRef = B5F0D5971525D3DC001774E4 /* Cordova.plist */; };
		B5F0D59C1525D3DC001774E4 /* AppDelegate.m in Sources */ = {isa = PBXBuildFile; fileRef = B5F0D59B1525D3DC001774E4 /* AppDelegate.m */; };
		B5F0D59F1525D3DC001774E4 /* MainViewController.m in Sources */ = {isa = PBXBuildFile; fileRef = B5F0D59E1525D3DC001774E4 /* MainViewController.m */; };
		B5F0D5A11525D3DC001774E4 /* MainViewController.xib in Resources */ = {isa = PBXBuildFile; fileRef = B5F0D5A01525D3DC001774E4 /* MainViewController.xib */; };
		CE14702715EE4209000C8612 /* LocalNotification.m in Sources */ = {isa = PBXBuildFile; fileRef = CE14702515EE1748000C8612 /* LocalNotification.m */; };
		CE7016E515D26CFB00B12296 /* libCordova.a in Frameworks */ = {isa = PBXBuildFile; fileRef = CE7016DE15D26C3700B12296 /* libCordova.a */; };
		CE7016E715D26D6000B12296 /* VERSION in Resources */ = {isa = PBXBuildFile; fileRef = CE7016E615D26D6000B12296 /* VERSION */; };
		CE8C9BDB156D2F5500D940C3 /* regobs-114.png in Resources */ = {isa = PBXBuildFile; fileRef = CE8C9BDA156D2F5500D940C3 /* regobs-114.png */; };
		CE8C9BDD156D2F6E00D940C3 /* regobs-57.png in Resources */ = {isa = PBXBuildFile; fileRef = CE8C9BDC156D2F6E00D940C3 /* regobs-57.png */; };
/* End PBXBuildFile section */

/* Begin PBXContainerItemProxy section */
		CE7016DD15D26C3700B12296 /* PBXContainerItemProxy */ = {
			isa = PBXContainerItemProxy;
			containerPortal = CE7016D315D26C3700B12296 /* CordovaLib.xcodeproj */;
			proxyType = 2;
			remoteGlobalIDString = 68A32D7114102E1C006B237C;
			remoteInfo = CordovaLib;
		};
		CE7016DF15D26C3700B12296 /* PBXContainerItemProxy */ = {
			isa = PBXContainerItemProxy;
			containerPortal = CE7016D315D26C3700B12296 /* CordovaLib.xcodeproj */;
			proxyType = 2;
			remoteGlobalIDString = 686357A9141002F100DF4CF2;
			remoteInfo = CordovaLibTests;
		};
		CE7016E115D26C3700B12296 /* PBXContainerItemProxy */ = {
			isa = PBXContainerItemProxy;
			containerPortal = CE7016D315D26C3700B12296 /* CordovaLib.xcodeproj */;
			proxyType = 2;
			remoteGlobalIDString = 303A4068152124BB00182201;
			remoteInfo = CordovaLibApp;
		};
		CE7016E315D26CDC00B12296 /* PBXContainerItemProxy */ = {
			isa = PBXContainerItemProxy;
			containerPortal = CE7016D315D26C3700B12296 /* CordovaLib.xcodeproj */;
			proxyType = 1;
			remoteGlobalIDString = D2AAC07D0554694100DB518D;
			remoteInfo = CordovaLib;
		};
/* End PBXContainerItemProxy section */

/* Begin PBXFileReference section */
		1784EC18157E345F00287D8E /* GoogleAnalyticsPlugin.h */ = {isa = PBXFileReference; fileEncoding = 4; lastKnownFileType = sourcecode.c.h; path = GoogleAnalyticsPlugin.h; sourceTree = "<group>"; };
		1784EC1A157E345F00287D8E /* GoogleAnalyticsPlugin.m */ = {isa = PBXFileReference; fileEncoding = 4; lastKnownFileType = sourcecode.c.objc; path = GoogleAnalyticsPlugin.m; sourceTree = "<group>"; };
		1784EC1C157E345F00287D8E /* GANTracker.h */ = {isa = PBXFileReference; fileEncoding = 4; lastKnownFileType = sourcecode.c.h; path = GANTracker.h; sourceTree = "<group>"; };
		1784EC1D157E345F00287D8E /* libGoogleAnalytics.a */ = {isa = PBXFileReference; lastKnownFileType = archive.ar; path = libGoogleAnalytics.a; sourceTree = "<group>"; };
		1784EC1E157E345F00287D8E /* README.md */ = {isa = PBXFileReference; fileEncoding = 4; lastKnownFileType = text; path = README.md; sourceTree = "<group>"; };
		17A12457157E1F07008D76E8 /* CFNetwork.framework */ = {isa = PBXFileReference; lastKnownFileType = wrapper.framework; name = CFNetwork.framework; path = System/Library/Frameworks/CFNetwork.framework; sourceTree = SDKROOT; };
		17A12459157E1F4D008D76E8 /* libsqlite3.0.dylib */ = {isa = PBXFileReference; lastKnownFileType = "compiled.mach-o.dylib"; name = libsqlite3.0.dylib; path = usr/lib/libsqlite3.0.dylib; sourceTree = SDKROOT; };
		B5107F8E152DA39D00BA56F8 /* www */ = {isa = PBXFileReference; lastKnownFileType = folder; name = www; path = ../assets/www; sourceTree = "<group>"; };
		B5F0D54F1525D3DB001774E4 /* regObs.app */ = {isa = PBXFileReference; explicitFileType = wrapper.application; includeInIndex = 0; path = regObs.app; sourceTree = BUILT_PRODUCTS_DIR; };
		B5F0D5531525D3DB001774E4 /* Foundation.framework */ = {isa = PBXFileReference; lastKnownFileType = wrapper.framework; name = Foundation.framework; path = System/Library/Frameworks/Foundation.framework; sourceTree = SDKROOT; };
		B5F0D5551525D3DB001774E4 /* UIKit.framework */ = {isa = PBXFileReference; lastKnownFileType = wrapper.framework; name = UIKit.framework; path = System/Library/Frameworks/UIKit.framework; sourceTree = SDKROOT; };
		B5F0D5571525D3DB001774E4 /* CoreGraphics.framework */ = {isa = PBXFileReference; lastKnownFileType = wrapper.framework; name = CoreGraphics.framework; path = System/Library/Frameworks/CoreGraphics.framework; sourceTree = SDKROOT; };
		B5F0D5591525D3DB001774E4 /* AddressBook.framework */ = {isa = PBXFileReference; lastKnownFileType = wrapper.framework; name = AddressBook.framework; path = System/Library/Frameworks/AddressBook.framework; sourceTree = SDKROOT; };
		B5F0D55B1525D3DB001774E4 /* AddressBookUI.framework */ = {isa = PBXFileReference; lastKnownFileType = wrapper.framework; name = AddressBookUI.framework; path = System/Library/Frameworks/AddressBookUI.framework; sourceTree = SDKROOT; };
		B5F0D55D1525D3DB001774E4 /* AudioToolbox.framework */ = {isa = PBXFileReference; lastKnownFileType = wrapper.framework; name = AudioToolbox.framework; path = System/Library/Frameworks/AudioToolbox.framework; sourceTree = SDKROOT; };
		B5F0D55F1525D3DB001774E4 /* AVFoundation.framework */ = {isa = PBXFileReference; lastKnownFileType = wrapper.framework; name = AVFoundation.framework; path = System/Library/Frameworks/AVFoundation.framework; sourceTree = SDKROOT; };
		B5F0D5611525D3DB001774E4 /* CoreLocation.framework */ = {isa = PBXFileReference; lastKnownFileType = wrapper.framework; name = CoreLocation.framework; path = System/Library/Frameworks/CoreLocation.framework; sourceTree = SDKROOT; };
		B5F0D5631525D3DB001774E4 /* MediaPlayer.framework */ = {isa = PBXFileReference; lastKnownFileType = wrapper.framework; name = MediaPlayer.framework; path = System/Library/Frameworks/MediaPlayer.framework; sourceTree = SDKROOT; };
		B5F0D5651525D3DB001774E4 /* QuartzCore.framework */ = {isa = PBXFileReference; lastKnownFileType = wrapper.framework; name = QuartzCore.framework; path = System/Library/Frameworks/QuartzCore.framework; sourceTree = SDKROOT; };
		B5F0D5671525D3DB001774E4 /* SystemConfiguration.framework */ = {isa = PBXFileReference; lastKnownFileType = wrapper.framework; name = SystemConfiguration.framework; path = System/Library/Frameworks/SystemConfiguration.framework; sourceTree = SDKROOT; };
		B5F0D5691525D3DB001774E4 /* MobileCoreServices.framework */ = {isa = PBXFileReference; lastKnownFileType = wrapper.framework; name = MobileCoreServices.framework; path = System/Library/Frameworks/MobileCoreServices.framework; sourceTree = SDKROOT; };
		B5F0D56B1525D3DB001774E4 /* CoreMedia.framework */ = {isa = PBXFileReference; lastKnownFileType = wrapper.framework; name = CoreMedia.framework; path = System/Library/Frameworks/CoreMedia.framework; sourceTree = SDKROOT; };
		B5F0D56F1525D3DC001774E4 /* regObs-Info.plist */ = {isa = PBXFileReference; lastKnownFileType = text.plist.xml; path = "regObs-Info.plist"; sourceTree = "<group>"; };
		B5F0D5731525D3DC001774E4 /* main.m */ = {isa = PBXFileReference; lastKnownFileType = sourcecode.c.objc; path = main.m; sourceTree = "<group>"; };
		B5F0D5751525D3DC001774E4 /* regObs-Prefix.pch */ = {isa = PBXFileReference; lastKnownFileType = sourcecode.c.h; path = "regObs-Prefix.pch"; sourceTree = "<group>"; };
		B5F0D58A1525D3DC001774E4 /* icon.png */ = {isa = PBXFileReference; lastKnownFileType = image.png; name = icon.png; path = Resources/icons/icon.png; sourceTree = "<group>"; };
		B5F0D58C1525D3DC001774E4 /* icon@2x.png */ = {isa = PBXFileReference; lastKnownFileType = image.png; name = "icon@2x.png"; path = "Resources/icons/icon@2x.png"; sourceTree = "<group>"; };
		B5F0D58E1525D3DC001774E4 /* icon-72.png */ = {isa = PBXFileReference; lastKnownFileType = image.png; name = "icon-72.png"; path = "Resources/icons/icon-72.png"; sourceTree = "<group>"; };
		B5F0D5911525D3DC001774E4 /* Default.png */ = {isa = PBXFileReference; lastKnownFileType = image.png; name = Default.png; path = Resources/splash/Default.png; sourceTree = "<group>"; };
		B5F0D5931525D3DC001774E4 /* Default@2x.png */ = {isa = PBXFileReference; lastKnownFileType = image.png; name = "Default@2x.png"; path = "Resources/splash/Default@2x.png"; sourceTree = "<group>"; };
		B5F0D5951525D3DC001774E4 /* Capture.bundle */ = {isa = PBXFileReference; lastKnownFileType = "wrapper.plug-in"; name = Capture.bundle; path = Resources/Capture.bundle; sourceTree = "<group>"; };
		B5F0D5971525D3DC001774E4 /* Cordova.plist */ = {isa = PBXFileReference; lastKnownFileType = text.plist.xml; path = Cordova.plist; sourceTree = "<group>"; };
		B5F0D59A1525D3DC001774E4 /* AppDelegate.h */ = {isa = PBXFileReference; lastKnownFileType = sourcecode.c.h; name = AppDelegate.h; path = Classes/AppDelegate.h; sourceTree = "<group>"; };
		B5F0D59B1525D3DC001774E4 /* AppDelegate.m */ = {isa = PBXFileReference; lastKnownFileType = sourcecode.c.objc; name = AppDelegate.m; path = Classes/AppDelegate.m; sourceTree = "<group>"; };
		B5F0D59D1525D3DC001774E4 /* MainViewController.h */ = {isa = PBXFileReference; lastKnownFileType = sourcecode.c.h; name = MainViewController.h; path = Classes/MainViewController.h; sourceTree = "<group>"; };
		B5F0D59E1525D3DC001774E4 /* MainViewController.m */ = {isa = PBXFileReference; lastKnownFileType = sourcecode.c.objc; name = MainViewController.m; path = Classes/MainViewController.m; sourceTree = "<group>"; };
		B5F0D5A01525D3DC001774E4 /* MainViewController.xib */ = {isa = PBXFileReference; lastKnownFileType = file.xib; name = MainViewController.xib; path = Classes/MainViewController.xib; sourceTree = "<group>"; };
		B5F0D5A31525D3DC001774E4 /* README */ = {isa = PBXFileReference; lastKnownFileType = text; name = README; path = Plugins/README; sourceTree = "<group>"; };
		CE14702415EE1748000C8612 /* LocalNotification.h */ = {isa = PBXFileReference; lastKnownFileType = sourcecode.c.h; path = LocalNotification.h; sourceTree = "<group>"; };
		CE14702515EE1748000C8612 /* LocalNotification.m */ = {isa = PBXFileReference; lastKnownFileType = sourcecode.c.objc; path = LocalNotification.m; sourceTree = "<group>"; };
		CE7016D315D26C3700B12296 /* CordovaLib.xcodeproj */ = {isa = PBXFileReference; lastKnownFileType = "wrapper.pb-project"; name = CordovaLib.xcodeproj; path = ../../../Documents/CordovaLib/CordovaLib.xcodeproj; sourceTree = "<group>"; };
		CE7016E615D26D6000B12296 /* VERSION */ = {isa = PBXFileReference; fileEncoding = 4; lastKnownFileType = text; path = VERSION; sourceTree = CORDOVALIB; };
		CE8C9BDA156D2F5500D940C3 /* regobs-114.png */ = {isa = PBXFileReference; lastKnownFileType = image.png; path = "regobs-114.png"; sourceTree = "<group>"; };
		CE8C9BDC156D2F6E00D940C3 /* regobs-57.png */ = {isa = PBXFileReference; lastKnownFileType = image.png; path = "regobs-57.png"; sourceTree = "<group>"; };
/* End PBXFileReference section */

/* Begin PBXFrameworksBuildPhase section */
		B5F0D5491525D3DB001774E4 /* Frameworks */ = {
			isa = PBXFrameworksBuildPhase;
			buildActionMask = 2147483647;
			files = (
				CE7016E515D26CFB00B12296 /* libCordova.a in Frameworks */,
				17A1245A157E1F4D008D76E8 /* libsqlite3.0.dylib in Frameworks */,
				17A12458157E1F07008D76E8 /* CFNetwork.framework in Frameworks */,
				B5F0D5541525D3DB001774E4 /* Foundation.framework in Frameworks */,
				B5F0D5561525D3DB001774E4 /* UIKit.framework in Frameworks */,
				B5F0D5581525D3DB001774E4 /* CoreGraphics.framework in Frameworks */,
				B5F0D55A1525D3DB001774E4 /* AddressBook.framework in Frameworks */,
				B5F0D55C1525D3DB001774E4 /* AddressBookUI.framework in Frameworks */,
				B5F0D55E1525D3DB001774E4 /* AudioToolbox.framework in Frameworks */,
				B5F0D5601525D3DB001774E4 /* AVFoundation.framework in Frameworks */,
				B5F0D5621525D3DB001774E4 /* CoreLocation.framework in Frameworks */,
				B5F0D5641525D3DB001774E4 /* MediaPlayer.framework in Frameworks */,
				B5F0D5661525D3DB001774E4 /* QuartzCore.framework in Frameworks */,
				B5F0D5681525D3DB001774E4 /* SystemConfiguration.framework in Frameworks */,
				B5F0D56A1525D3DB001774E4 /* MobileCoreServices.framework in Frameworks */,
				B5F0D56C1525D3DB001774E4 /* CoreMedia.framework in Frameworks */,
				1784EC21157E345F00287D8E /* libGoogleAnalytics.a in Frameworks */,
			);
			runOnlyForDeploymentPostprocessing = 0;
		};
		B5F0D54C1525D3DB001774E4 /* Frameworks */ = {
			isa = PBXFrameworksBuildPhase;
			buildActionMask = 2147483647;
			files = (
			);
			runOnlyForDeploymentPostprocessing = 0;
		};
/* End PBXFrameworksBuildPhase section */

/* Begin PBXGroup section */
		1784EC17157E345F00287D8E /* GoogleAnalytics */ = {
			isa = PBXGroup;
			children = (
				1784EC18157E345F00287D8E /* GoogleAnalyticsPlugin.h */,
				1784EC1A157E345F00287D8E /* GoogleAnalyticsPlugin.m */,
				1784EC1B157E345F00287D8E /* GoogSDK */,
				1784EC1E157E345F00287D8E /* README.md */,
			);
			path = GoogleAnalytics;
			sourceTree = "<group>";
		};
		1784EC1B157E345F00287D8E /* GoogSDK */ = {
			isa = PBXGroup;
			children = (
				1784EC1C157E345F00287D8E /* GANTracker.h */,
				1784EC1D157E345F00287D8E /* libGoogleAnalytics.a */,
			);
			path = GoogSDK;
			sourceTree = "<group>";
		};
		B5F0D5411525D3DB001774E4 = {
			isa = PBXGroup;
			children = (
				CE7016E615D26D6000B12296 /* VERSION */,
				CE7016D315D26C3700B12296 /* CordovaLib.xcodeproj */,
				17A12459157E1F4D008D76E8 /* libsqlite3.0.dylib */,
				17A12457157E1F07008D76E8 /* CFNetwork.framework */,
				CE8C9BDC156D2F6E00D940C3 /* regobs-57.png */,
				CE8C9BDA156D2F5500D940C3 /* regobs-114.png */,
				B5107F8E152DA39D00BA56F8 /* www */,
				B5F0D56D1525D3DB001774E4 /* Nve */,
				B5F0D5521525D3DB001774E4 /* Frameworks */,
				B5F0D5501525D3DB001774E4 /* Products */,
			);
			sourceTree = "<group>";
		};
		B5F0D5501525D3DB001774E4 /* Products */ = {
			isa = PBXGroup;
			children = (
				B5F0D54F1525D3DB001774E4 /* regObs.app */,
			);
			name = Products;
			sourceTree = "<group>";
		};
		B5F0D5521525D3DB001774E4 /* Frameworks */ = {
			isa = PBXGroup;
			children = (
				B5F0D5531525D3DB001774E4 /* Foundation.framework */,
				B5F0D5551525D3DB001774E4 /* UIKit.framework */,
				B5F0D5571525D3DB001774E4 /* CoreGraphics.framework */,
				B5F0D5591525D3DB001774E4 /* AddressBook.framework */,
				B5F0D55B1525D3DB001774E4 /* AddressBookUI.framework */,
				B5F0D55D1525D3DB001774E4 /* AudioToolbox.framework */,
				B5F0D55F1525D3DB001774E4 /* AVFoundation.framework */,
				B5F0D5611525D3DB001774E4 /* CoreLocation.framework */,
				B5F0D5631525D3DB001774E4 /* MediaPlayer.framework */,
				B5F0D5651525D3DB001774E4 /* QuartzCore.framework */,
				B5F0D5671525D3DB001774E4 /* SystemConfiguration.framework */,
				B5F0D5691525D3DB001774E4 /* MobileCoreServices.framework */,
				B5F0D56B1525D3DB001774E4 /* CoreMedia.framework */,
			);
			name = Frameworks;
			sourceTree = "<group>";
		};
		B5F0D56D1525D3DB001774E4 /* Nve */ = {
			isa = PBXGroup;
			children = (
				B5F0D5781525D3DC001774E4 /* Resources */,
				B5F0D5991525D3DC001774E4 /* Classes */,
				B5F0D5A21525D3DC001774E4 /* Plugins */,
				B5F0D56E1525D3DC001774E4 /* Supporting Files */,
			);
			path = Nve;
			sourceTree = "<group>";
		};
		B5F0D56E1525D3DC001774E4 /* Supporting Files */ = {
			isa = PBXGroup;
			children = (
				B5F0D56F1525D3DC001774E4 /* regObs-Info.plist */,
				B5F0D5731525D3DC001774E4 /* main.m */,
				B5F0D5751525D3DC001774E4 /* regObs-Prefix.pch */,
				B5F0D5971525D3DC001774E4 /* Cordova.plist */,
				B5F0D5A01525D3DC001774E4 /* MainViewController.xib */,
			);
			name = "Supporting Files";
			sourceTree = "<group>";
		};
		B5F0D5781525D3DC001774E4 /* Resources */ = {
			isa = PBXGroup;
			children = (
				B5F0D5951525D3DC001774E4 /* Capture.bundle */,
				B5F0D5791525D3DC001774E4 /* en.lproj */,
				B5F0D57D1525D3DC001774E4 /* es.lproj */,
				B5F0D5811525D3DC001774E4 /* de.lproj */,
				B5F0D5851525D3DC001774E4 /* se.lproj */,
				B5F0D5891525D3DC001774E4 /* icons */,
				B5F0D5901525D3DC001774E4 /* splash */,
			);
			name = Resources;
			sourceTree = "<group>";
		};
		B5F0D5791525D3DC001774E4 /* en.lproj */ = {
			isa = PBXGroup;
			children = (
			);
			name = en.lproj;
			sourceTree = "<group>";
		};
		B5F0D57D1525D3DC001774E4 /* es.lproj */ = {
			isa = PBXGroup;
			children = (
			);
			name = es.lproj;
			sourceTree = "<group>";
		};
		B5F0D5811525D3DC001774E4 /* de.lproj */ = {
			isa = PBXGroup;
			children = (
			);
			name = de.lproj;
			sourceTree = "<group>";
		};
		B5F0D5851525D3DC001774E4 /* se.lproj */ = {
			isa = PBXGroup;
			children = (
			);
			name = se.lproj;
			sourceTree = "<group>";
		};
		B5F0D5891525D3DC001774E4 /* icons */ = {
			isa = PBXGroup;
			children = (
				B5F0D58A1525D3DC001774E4 /* icon.png */,
				B5F0D58C1525D3DC001774E4 /* icon@2x.png */,
				B5F0D58E1525D3DC001774E4 /* icon-72.png */,
			);
			name = icons;
			sourceTree = "<group>";
		};
		B5F0D5901525D3DC001774E4 /* splash */ = {
			isa = PBXGroup;
			children = (
				B5F0D5911525D3DC001774E4 /* Default.png */,
				B5F0D5931525D3DC001774E4 /* Default@2x.png */,
			);
			name = splash;
			sourceTree = "<group>";
		};
		B5F0D5991525D3DC001774E4 /* Classes */ = {
			isa = PBXGroup;
			children = (
				B5F0D59A1525D3DC001774E4 /* AppDelegate.h */,
				B5F0D59B1525D3DC001774E4 /* AppDelegate.m */,
				B5F0D59D1525D3DC001774E4 /* MainViewController.h */,
				B5F0D59E1525D3DC001774E4 /* MainViewController.m */,
			);
			name = Classes;
			sourceTree = "<group>";
		};
		B5F0D5A21525D3DC001774E4 /* Plugins */ = {
			isa = PBXGroup;
			children = (
				CE14702615EE41C6000C8612 /* LocalNotification */,
				1784EC17157E345F00287D8E /* GoogleAnalytics */,
				B5F0D5A31525D3DC001774E4 /* README */,
			);
			name = Plugins;
			sourceTree = "<group>";
		};
		CE14702615EE41C6000C8612 /* LocalNotification */ = {
			isa = PBXGroup;
			children = (
				CE14702415EE1748000C8612 /* LocalNotification.h */,
				CE14702515EE1748000C8612 /* LocalNotification.m */,
			);
			name = LocalNotification;
			sourceTree = "<group>";
		};
		CE7016D415D26C3700B12296 /* Products */ = {
			isa = PBXGroup;
			children = (
				CE7016DE15D26C3700B12296 /* libCordova.a */,
				CE7016E015D26C3700B12296 /* CordovaLibTests.octest */,
				CE7016E215D26C3700B12296 /* CordovaLibApp.app */,
			);
			name = Products;
			sourceTree = "<group>";
		};
/* End PBXGroup section */

/* Begin PBXNativeTarget section */
		B5F0D54E1525D3DB001774E4 /* regObs */ = {
			isa = PBXNativeTarget;
			buildConfigurationList = B5F0D5A81525D3DC001774E4 /* Build configuration list for PBXNativeTarget "regObs" */;
			buildPhases = (
				B5F0D5481525D3DB001774E4 /* Sources */,
				B5F0D5491525D3DB001774E4 /* Frameworks */,
				B5F0D54A1525D3DB001774E4 /* Resources */,
				B5F0D54B1525D3DB001774E4 /* Sources */,
				B5F0D54C1525D3DB001774E4 /* Frameworks */,
			);
			buildRules = (
			);
			dependencies = (
				CE7016E415D26CDC00B12296 /* PBXTargetDependency */,
			);
			name = regObs;
			productName = Nve;
			productReference = B5F0D54F1525D3DB001774E4 /* regObs.app */;
			productType = "com.apple.product-type.application";
		};
/* End PBXNativeTarget section */

/* Begin PBXProject section */
		B5F0D5431525D3DB001774E4 /* Project object */ = {
			isa = PBXProject;
			attributes = {
				LastUpgradeCheck = 0420;
			};
			buildConfigurationList = B5F0D5461525D3DB001774E4 /* Build configuration list for PBXProject "regObs" */;
			compatibilityVersion = "Xcode 3.2";
			developmentRegion = English;
			hasScannedForEncodings = 0;
			knownRegions = (
				en,
				es,
				de,
				se,
			);
			mainGroup = B5F0D5411525D3DB001774E4;
			productRefGroup = B5F0D5501525D3DB001774E4 /* Products */;
			projectDirPath = "";
			projectReferences = (
				{
					ProductGroup = CE7016D415D26C3700B12296 /* Products */;
					ProjectRef = CE7016D315D26C3700B12296 /* CordovaLib.xcodeproj */;
				},
			);
			projectRoot = "";
			targets = (
				B5F0D54E1525D3DB001774E4 /* regObs */,
			);
		};
/* End PBXProject section */

/* Begin PBXReferenceProxy section */
		CE7016DE15D26C3700B12296 /* libCordova.a */ = {
			isa = PBXReferenceProxy;
			fileType = archive.ar;
			path = libCordova.a;
			remoteRef = CE7016DD15D26C3700B12296 /* PBXContainerItemProxy */;
			sourceTree = BUILT_PRODUCTS_DIR;
		};
		CE7016E015D26C3700B12296 /* CordovaLibTests.octest */ = {
			isa = PBXReferenceProxy;
			fileType = wrapper.cfbundle;
			path = CordovaLibTests.octest;
			remoteRef = CE7016DF15D26C3700B12296 /* PBXContainerItemProxy */;
			sourceTree = BUILT_PRODUCTS_DIR;
		};
		CE7016E215D26C3700B12296 /* CordovaLibApp.app */ = {
			isa = PBXReferenceProxy;
			fileType = wrapper.application;
			path = CordovaLibApp.app;
			remoteRef = CE7016E115D26C3700B12296 /* PBXContainerItemProxy */;
			sourceTree = BUILT_PRODUCTS_DIR;
		};
/* End PBXReferenceProxy section */

/* Begin PBXResourcesBuildPhase section */
		B5F0D54A1525D3DB001774E4 /* Resources */ = {
			isa = PBXResourcesBuildPhase;
			buildActionMask = 2147483647;
			files = (
				B5F0D58B1525D3DC001774E4 /* icon.png in Resources */,
				B5F0D58D1525D3DC001774E4 /* icon@2x.png in Resources */,
				B5F0D58F1525D3DC001774E4 /* icon-72.png in Resources */,
				B5F0D5921525D3DC001774E4 /* Default.png in Resources */,
				B5F0D5941525D3DC001774E4 /* Default@2x.png in Resources */,
				B5F0D5961525D3DC001774E4 /* Capture.bundle in Resources */,
				B5F0D5981525D3DC001774E4 /* Cordova.plist in Resources */,
				B5F0D5A11525D3DC001774E4 /* MainViewController.xib in Resources */,
				B5107F8F152DA39D00BA56F8 /* www in Resources */,
				CE8C9BDB156D2F5500D940C3 /* regobs-114.png in Resources */,
				CE8C9BDD156D2F6E00D940C3 /* regobs-57.png in Resources */,
				1784EC22157E345F00287D8E /* README.md in Resources */,
				CE7016E715D26D6000B12296 /* VERSION in Resources */,
			);
			runOnlyForDeploymentPostprocessing = 0;
		};
/* End PBXResourcesBuildPhase section */

/* Begin PBXSourcesBuildPhase section */
		B5F0D5481525D3DB001774E4 /* Sources */ = {
			isa = PBXSourcesBuildPhase;
			buildActionMask = 2147483647;
			files = (
				B5F0D5741525D3DC001774E4 /* main.m in Sources */,
				B5F0D59C1525D3DC001774E4 /* AppDelegate.m in Sources */,
				B5F0D59F1525D3DC001774E4 /* MainViewController.m in Sources */,
				1784EC20157E345F00287D8E /* GoogleAnalyticsPlugin.m in Sources */,
				CE14702715EE4209000C8612 /* LocalNotification.m in Sources */,
			);
			runOnlyForDeploymentPostprocessing = 0;
		};
		B5F0D54B1525D3DB001774E4 /* Sources */ = {
			isa = PBXSourcesBuildPhase;
			buildActionMask = 2147483647;
			files = (
			);
			runOnlyForDeploymentPostprocessing = 0;
		};
/* End PBXSourcesBuildPhase section */

/* Begin PBXTargetDependency section */
		CE7016E415D26CDC00B12296 /* PBXTargetDependency */ = {
			isa = PBXTargetDependency;
			name = CordovaLib;
			targetProxy = CE7016E315D26CDC00B12296 /* PBXContainerItemProxy */;
		};
/* End PBXTargetDependency section */

/* Begin XCBuildConfiguration section */
		B5F0D5A61525D3DC001774E4 /* Debug */ = {
			isa = XCBuildConfiguration;
			buildSettings = {
				ALWAYS_SEARCH_USER_PATHS = NO;
				ARCHS = (
					armv6,
					"$(ARCHS_STANDARD_32_BIT)",
				);
				CODE_SIGN_IDENTITY = "iPhone Distribution: nLink AS";
				"CODE_SIGN_IDENTITY[sdk=iphoneos*]" = "iPhone Distribution: nLink AS";
				COPY_PHASE_STRIP = NO;
				GCC_C_LANGUAGE_STANDARD = gnu99;
				GCC_DYNAMIC_NO_PIC = NO;
				GCC_OPTIMIZATION_LEVEL = 0;
				GCC_PREPROCESSOR_DEFINITIONS = (
					"DEBUG=1",
					"$(inherited)",
				);
				GCC_SYMBOLS_PRIVATE_EXTERN = NO;
				GCC_VERSION = com.apple.compilers.llvm.clang.1_0;
				GCC_WARN_ABOUT_MISSING_PROTOTYPES = YES;
				GCC_WARN_ABOUT_RETURN_TYPE = YES;
				GCC_WARN_UNUSED_VARIABLE = YES;
				IPHONEOS_DEPLOYMENT_TARGET = 3.0;
				PROVISIONING_PROFILE = "A9F1E3A1-E97A-48AF-9F45-550CFBABD3A4";
				"PROVISIONING_PROFILE[sdk=iphoneos*]" = "A9F1E3A1-E97A-48AF-9F45-550CFBABD3A4";
				SDKROOT = iphoneos;
			};
			name = Debug;
		};
		B5F0D5A71525D3DC001774E4 /* Release */ = {
			isa = XCBuildConfiguration;
			buildSettings = {
				ALWAYS_SEARCH_USER_PATHS = NO;
				ARCHS = (
					armv6,
					"$(ARCHS_STANDARD_32_BIT)",
				);
				CODE_SIGN_IDENTITY = "iPhone Distribution: nLink AS";
				"CODE_SIGN_IDENTITY[sdk=iphoneos*]" = "iPhone Distribution: nLink AS";
				COPY_PHASE_STRIP = YES;
				GCC_C_LANGUAGE_STANDARD = gnu99;
				GCC_VERSION = com.apple.compilers.llvm.clang.1_0;
				GCC_WARN_ABOUT_MISSING_PROTOTYPES = YES;
				GCC_WARN_ABOUT_RETURN_TYPE = YES;
				GCC_WARN_UNUSED_VARIABLE = YES;
				IPHONEOS_DEPLOYMENT_TARGET = 3.0;
				PROVISIONING_PROFILE = "A9F1E3A1-E97A-48AF-9F45-550CFBABD3A4";
				"PROVISIONING_PROFILE[sdk=iphoneos*]" = "A9F1E3A1-E97A-48AF-9F45-550CFBABD3A4";
				SDKROOT = iphoneos;
				VALIDATE_PRODUCT = YES;
			};
			name = Release;
		};
		B5F0D5A91525D3DC001774E4 /* Debug */ = {
			isa = XCBuildConfiguration;
			buildSettings = {
				ALWAYS_SEARCH_USER_PATHS = YES;
				ARCHS = (
					armv7,
					armv6,
				);
				CODE_SIGN_IDENTITY = "iPhone Developer";
				"CODE_SIGN_IDENTITY[sdk=iphoneos*]" = "iPhone Distribution: nLink AS";
				COPY_PHASE_STRIP = NO;
				FRAMEWORK_SEARCH_PATHS = (
					/Users/Shared/Cordova/Frameworks,
					"\"$(SRCROOT)\"",
				);
				GCC_DYNAMIC_NO_PIC = NO;
				GCC_PRECOMPILE_PREFIX_HEADER = YES;
				GCC_PREFIX_HEADER = "Nve/regObs-Prefix.pch";
				GCC_PREPROCESSOR_DEFINITIONS = "DEBUG=1,";
				"HEADER_SEARCH_PATHS[arch=*]" = "\"$(TARGET_BUILD_DIR)/usr/local/lib/include\"\n\n\n\"$(OBJROOT)/UninstalledProducts/include\"\n\n\n\"$(BUILT_PRODUCTS_DIR)\"";
				INFOPLIST_FILE = "Nve/regObs-Info.plist";
				LIBRARY_SEARCH_PATHS = (
					"$(inherited)",
					"\"$(SRCROOT)/Nve/GoogleAnalytics/GoogSDK/\"",
				);
				OTHER_LDFLAGS = (
					"-all_load",
					"-weak_framework",
					UIKit,
					"-weak_framework",
					AVFoundation,
					"-weak_framework",
					CoreMedia,
					"-weak_library",
					/usr/lib/libSystem.B.dylib,
					"-Obj-C",
				);
				PRODUCT_NAME = regObs;
				PROVISIONING_PROFILE = "";
				TARGETED_DEVICE_FAMILY = 1;
				USER_HEADER_SEARCH_PATHS = "\"$(TARGET_BUILD_DIR)/usr/local/lib/include\" \"$(OBJROOT)/UninstalledProducts/include\" \"$(BUILT_PRODUCTS_DIR)\"";
				WRAPPER_EXTENSION = app;
			};
			name = Debug;
		};
		B5F0D5AA1525D3DC001774E4 /* Release */ = {
			isa = XCBuildConfiguration;
			buildSettings = {
				ALWAYS_SEARCH_USER_PATHS = YES;
				ARCHS = (
					armv7,
					armv6,
				);
				CODE_SIGN_IDENTITY = "iPhone Developer";
				"CODE_SIGN_IDENTITY[sdk=iphoneos*]" = "iPhone Distribution: nLink AS";
				COPY_PHASE_STRIP = YES;
				DEBUG_INFORMATION_FORMAT = "dwarf-with-dsym";
				FRAMEWORK_SEARCH_PATHS = (
					/Users/Shared/Cordova/Frameworks,
					"\"$(SRCROOT)\"",
				);
				GCC_PRECOMPILE_PREFIX_HEADER = YES;
				GCC_PREFIX_HEADER = "Nve/regObs-Prefix.pch";
				GCC_PREPROCESSOR_DEFINITIONS = "NDEBUG=1,";
				"HEADER_SEARCH_PATHS[arch=*]" = "\"$(TARGET_BUILD_DIR)/usr/local/lib/include\"\n\n\n\"$(OBJROOT)/UninstalledProducts/include\"\n\n\n\"$(BUILT_PRODUCTS_DIR)\"";
				INFOPLIST_FILE = "Nve/regObs-Info.plist";
				LIBRARY_SEARCH_PATHS = (
					"$(inherited)",
					"\"$(SRCROOT)/Nve/GoogleAnalytics/GoogSDK/\"",
				);
				OTHER_LDFLAGS = (
					"-all_load",
					"-weak_framework",
					UIKit,
					"-weak_framework",
					AVFoundation,
					"-weak_framework",
					CoreMedia,
					"-weak_library",
					/usr/lib/libSystem.B.dylib,
					"-Obj-C",
				);
				PRODUCT_NAME = regObs;
				PROVISIONING_PROFILE = "";
				TARGETED_DEVICE_FAMILY = 1;
				USER_HEADER_SEARCH_PATHS = "\"$(TARGET_BUILD_DIR)/usr/local/lib/include\" \"$(OBJROOT)/UninstalledProducts/include\" \"$(BUILT_PRODUCTS_DIR)\"";
				VALIDATE_PRODUCT = YES;
				WRAPPER_EXTENSION = app;
			};
			name = Release;
		};
/* End XCBuildConfiguration section */

/* Begin XCConfigurationList section */
		B5F0D5461525D3DB001774E4 /* Build configuration list for PBXProject "regObs" */ = {
			isa = XCConfigurationList;
			buildConfigurations = (
				B5F0D5A61525D3DC001774E4 /* Debug */,
				B5F0D5A71525D3DC001774E4 /* Release */,
			);
			defaultConfigurationIsVisible = 0;
			defaultConfigurationName = Release;
		};
		B5F0D5A81525D3DC001774E4 /* Build configuration list for PBXNativeTarget "regObs" */ = {
			isa = XCConfigurationList;
			buildConfigurations = (
				B5F0D5A91525D3DC001774E4 /* Debug */,
				B5F0D5AA1525D3DC001774E4 /* Release */,
			);
			defaultConfigurationIsVisible = 0;
			defaultConfigurationName = Release;
		};
/* End XCConfigurationList section */
	};
	rootObject = B5F0D5431525D3DB001774E4 /* Project object */;
}
